// !$*UTF8*$!
{
	archiveVersion = 1;
	classes = {
	};
	objectVersion = 77;
	objects = {

/* Begin PBXBuildFile section */
		6E4C72AC2EA6DA2900D5E88C /* FirebaseAuth in Frameworks */ = {isa = PBXBuildFile; productRef = 6E4C72AB2EA6DA2900D5E88C /* FirebaseAuth */; };
		6E4C72AE2EA6DA2900D5E88C /* FirebaseFirestore in Frameworks */ = {isa = PBXBuildFile; productRef = 6E4C72AD2EA6DA2900D5E88C /* FirebaseFirestore */; };
		6E4C72B02EA6DA2900D5E88C /* FirebaseMessaging in Frameworks */ = {isa = PBXBuildFile; productRef = 6E4C72AF2EA6DA2900D5E88C /* FirebaseMessaging */; };
		6E4C72B22EA6DA2900D5E88C /* FirebaseStorage in Frameworks */ = {isa = PBXBuildFile; productRef = 6E4C72B12EA6DA2900D5E88C /* FirebaseStorage */; };
		6E4C72B52EA6DA5100D5E88C /* GoogleSignIn in Frameworks */ = {isa = PBXBuildFile; productRef = 6E4C72B42EA6DA5100D5E88C /* GoogleSignIn */; };
		6E4C72B72EA6DA5100D5E88C /* GoogleSignInSwift in Frameworks */ = {isa = PBXBuildFile; productRef = 6E4C72B62EA6DA5100D5E88C /* GoogleSignInSwift */; };
		6E4C738E2EA6E26100D5E88C /* FirebaseCore in Frameworks */ = {isa = PBXBuildFile; productRef = 6E4C738D2EA6E26100D5E88C /* FirebaseCore */; };
		6E4C73902EA6E28100D5E88C /* FirebaseDatabase in Frameworks */ = {isa = PBXBuildFile; productRef = 6E4C738F2EA6E28100D5E88C /* FirebaseDatabase */; };
/* End PBXBuildFile section */

/* Begin PBXFileReference section */
		6E4C72832EA6C66B00D5E88C /* CreatorLink.app */ = {isa = PBXFileReference; explicitFileType = wrapper.application; includeInIndex = 0; path = CreatorLink.app; sourceTree = BUILT_PRODUCTS_DIR; };
/* End PBXFileReference section */

/* Begin PBXFileSystemSynchronizedBuildFileExceptionSet section */
		6E4C72A32EA6CB0000D5E88C /* Exceptions for "CreatorLink" folder in "CreatorLink" target */ = {
			isa = PBXFileSystemSynchronizedBuildFileExceptionSet;
			membershipExceptions = (
				Info.plist,
			);
			target = 6E4C72822EA6C66B00D5E88C /* CreatorLink */;
		};
/* End PBXFileSystemSynchronizedBuildFileExceptionSet section */

/* Begin PBXFileSystemSynchronizedRootGroup section */
		6E4C72852EA6C66B00D5E88C /* CreatorLink */ = {
			isa = PBXFileSystemSynchronizedRootGroup;
			exceptions = (
				6E4C72A32EA6CB0000D5E88C /* Exceptions for "CreatorLink" folder in "CreatorLink" target */,
			);
			path = CreatorLink;
			sourceTree = "<group>";
		};
/* End PBXFileSystemSynchronizedRootGroup section */

/* Begin PBXFrameworksBuildPhase section */
		6E4C72802EA6C66B00D5E88C /* Frameworks */ = {
			isa = PBXFrameworksBuildPhase;
			buildActionMask = 2147483647;
			files = (
				6E4C72B52EA6DA5100D5E88C /* GoogleSignIn in Frameworks */,
				6E4C72B02EA6DA2900D5E88C /* FirebaseMessaging in Frameworks */,
				6E4C72B22EA6DA2900D5E88C /* FirebaseStorage in Frameworks */,
				6E4C72B72EA6DA5100D5E88C /* GoogleSignInSwift in Frameworks */,
				6E4C738E2EA6E26100D5E88C /* FirebaseCore in Frameworks */,
				6E4C73902EA6E28100D5E88C /* FirebaseDatabase in Frameworks */,
				6E4C72AC2EA6DA2900D5E88C /* FirebaseAuth in Frameworks */,
				6E4C72AE2EA6DA2900D5E88C /* FirebaseFirestore in Frameworks */,
			);
			runOnlyForDeploymentPostprocessing = 0;
		};
/* End PBXFrameworksBuildPhase section */

/* Begin PBXGroup section */
		6E4C727A2EA6C66B00D5E88C = {
			isa = PBXGroup;
			children = (
				6E4C72852EA6C66B00D5E88C /* CreatorLink */,
				6E4C738C2EA6E26100D5E88C /* Frameworks */,
				6E4C72842EA6C66B00D5E88C /* Products */,
			);
			sourceTree = "<group>";
		};
		6E4C72842EA6C66B00D5E88C /* Products */ = {
			isa = PBXGroup;
			children = (
				6E4C72832EA6C66B00D5E88C /* CreatorLink.app */,
			);
			name = Products;
			sourceTree = "<group>";
		};
		6E4C738C2EA6E26100D5E88C /* Frameworks */ = {
			isa = PBXGroup;
			children = (
			);
			name = Frameworks;
			sourceTree = "<group>";
		};
/* End PBXGroup section */

/* Begin PBXNativeTarget section */
		6E4C72822EA6C66B00D5E88C /* CreatorLink */ = {
			isa = PBXNativeTarget;
			buildConfigurationList = 6E4C728E2EA6C66D00D5E88C /* Build configuration list for PBXNativeTarget "CreatorLink" */;
			buildPhases = (
				6E4C727F2EA6C66B00D5E88C /* Sources */,
				6E4C72802EA6C66B00D5E88C /* Frameworks */,
				6E4C72812EA6C66B00D5E88C /* Resources */,
			);
			buildRules = (
			);
			dependencies = (
			);
			fileSystemSynchronizedGroups = (
				6E4C72852EA6C66B00D5E88C /* CreatorLink */,
			);
			name = CreatorLink;
			packageProductDependencies = (
				6E4C72AB2EA6DA2900D5E88C /* FirebaseAuth */,
				6E4C72AD2EA6DA2900D5E88C /* FirebaseFirestore */,
				6E4C72AF2EA6DA2900D5E88C /* FirebaseMessaging */,
				6E4C72B12EA6DA2900D5E88C /* FirebaseStorage */,
				6E4C72B42EA6DA5100D5E88C /* GoogleSignIn */,
				6E4C72B62EA6DA5100D5E88C /* GoogleSignInSwift */,
				6E4C738D2EA6E26100D5E88C /* FirebaseCore */,
				6E4C738F2EA6E28100D5E88C /* FirebaseDatabase */,
			);
			productName = CreatorLink;
			productReference = 6E4C72832EA6C66B00D5E88C /* CreatorLink.app */;
			productType = "com.apple.product-type.application";
		};
/* End PBXNativeTarget section */

/* Begin PBXProject section */
		6E4C727B2EA6C66B00D5E88C /* Project object */ = {
			isa = PBXProject;
			attributes = {
				BuildIndependentTargetsInParallel = 1;
				LastSwiftUpdateCheck = 2600;
				LastUpgradeCheck = 2600;
				TargetAttributes = {
					6E4C72822EA6C66B00D5E88C = {
						CreatedOnToolsVersion = 26.0.1;
					};
				};
			};
			buildConfigurationList = 6E4C727E2EA6C66B00D5E88C /* Build configuration list for PBXProject "CreatorLink" */;
			developmentRegion = en;
			hasScannedForEncodings = 0;
			knownRegions = (
				en,
				Base,
			);
			mainGroup = 6E4C727A2EA6C66B00D5E88C;
			minimizedProjectReferenceProxies = 1;
			packageReferences = (
				6E4C72AA2EA6DA2900D5E88C /* XCRemoteSwiftPackageReference "firebase-ios-sdk" */,
				6E4C72B32EA6DA5100D5E88C /* XCRemoteSwiftPackageReference "GoogleSignIn-iOS" */,
			);
			preferredProjectObjectVersion = 77;
			productRefGroup = 6E4C72842EA6C66B00D5E88C /* Products */;
			projectDirPath = "";
			projectRoot = "";
			targets = (
				6E4C72822EA6C66B00D5E88C /* CreatorLink */,
			);
		};
/* End PBXProject section */

/* Begin PBXResourcesBuildPhase section */
		6E4C72812EA6C66B00D5E88C /* Resources */ = {
			isa = PBXResourcesBuildPhase;
			buildActionMask = 2147483647;
			files = (
			);
			runOnlyForDeploymentPostprocessing = 0;
		};
/* End PBXResourcesBuildPhase section */

/* Begin PBXSourcesBuildPhase section */
		6E4C727F2EA6C66B00D5E88C /* Sources */ = {
			isa = PBXSourcesBuildPhase;
			buildActionMask = 2147483647;
			files = (
			);
			runOnlyForDeploymentPostprocessing = 0;
		};
/* End PBXSourcesBuildPhase section */

/* Begin XCBuildConfiguration section */
		6E4C728C2EA6C66D00D5E88C /* Debug */ = {
			isa = XCBuildConfiguration;
			buildSettings = {
				ALWAYS_SEARCH_USER_PATHS = NO;
				ASSETCATALOG_COMPILER_GENERATE_SWIFT_ASSET_SYMBOL_EXTENSIONS = YES;
				CLANG_ANALYZER_NONNULL = YES;
				CLANG_ANALYZER_NUMBER_OBJECT_CONVERSION = YES_AGGRESSIVE;
				CLANG_CXX_LANGUAGE_STANDARD = "gnu++20";
				CLANG_ENABLE_MODULES = YES;
				CLANG_ENABLE_OBJC_ARC = YES;
				CLANG_ENABLE_OBJC_WEAK = YES;
				CLANG_WARN_BLOCK_CAPTURE_AUTORELEASING = YES;
				CLANG_WARN_BOOL_CONVERSION = YES;
				CLANG_WARN_COMMA = YES;
				CLANG_WARN_CONSTANT_CONVERSION = YES;
				CLANG_WARN_DEPRECATED_OBJC_IMPLEMENTATIONS = YES;
				CLANG_WARN_DIRECT_OBJC_ISA_USAGE = YES_ERROR;
				CLANG_WARN_DOCUMENTATION_COMMENTS = YES;
				CLANG_WARN_EMPTY_BODY = YES;
				CLANG_WARN_ENUM_CONVERSION = YES;
				CLANG_WARN_INFINITE_RECURSION = YES;
				CLANG_WARN_INT_CONVERSION = YES;
				CLANG_WARN_NON_LITERAL_NULL_CONVERSION = YES;
				CLANG_WARN_OBJC_IMPLICIT_RETAIN_SELF = YES;
				CLANG_WARN_OBJC_LITERAL_CONVERSION = YES;
				CLANG_WARN_OBJC_ROOT_CLASS = YES_ERROR;
				CLANG_WARN_QUOTED_INCLUDE_IN_FRAMEWORK_HEADER = YES;
				CLANG_WARN_RANGE_LOOP_ANALYSIS = YES;
				CLANG_WARN_STRICT_PROTOTYPES = YES;
				CLANG_WARN_SUSPICIOUS_MOVE = YES;
				CLANG_WARN_UNGUARDED_AVAILABILITY = YES_AGGRESSIVE;
				CLANG_WARN_UNREACHABLE_CODE = YES;
				CLANG_WARN__DUPLICATE_METHOD_MATCH = YES;
				COPY_PHASE_STRIP = NO;
				DEBUG_INFORMATION_FORMAT = dwarf;
				ENABLE_STRICT_OBJC_MSGSEND = YES;
				ENABLE_TESTABILITY = YES;
				ENABLE_USER_SCRIPT_SANDBOXING = YES;
				GCC_C_LANGUAGE_STANDARD = gnu17;
				GCC_DYNAMIC_NO_PIC = NO;
				GCC_NO_COMMON_BLOCKS = YES;
				GCC_OPTIMIZATION_LEVEL = 0;
				GCC_PREPROCESSOR_DEFINITIONS = (
					"DEBUG=1",
					"$(inherited)",
				);
				GCC_WARN_64_TO_32_BIT_CONVERSION = YES;
				GCC_WARN_ABOUT_RETURN_TYPE = YES_ERROR;
				GCC_WARN_UNDECLARED_SELECTOR = YES;
				GCC_WARN_UNINITIALIZED_AUTOS = YES_AGGRESSIVE;
				GCC_WARN_UNUSED_FUNCTION = YES;
				GCC_WARN_UNUSED_VARIABLE = YES;
				IPHONEOS_DEPLOYMENT_TARGET = 26.0;
				LOCALIZATION_PREFERS_STRING_CATALOGS = YES;
				MTL_ENABLE_DEBUG_INFO = INCLUDE_SOURCE;
				MTL_FAST_MATH = YES;
				ONLY_ACTIVE_ARCH = YES;
				SDKROOT = iphoneos;
				SWIFT_ACTIVE_COMPILATION_CONDITIONS = "DEBUG $(inherited)";
				SWIFT_OPTIMIZATION_LEVEL = "-Onone";
			};
			name = Debug;
		};
		6E4C728D2EA6C66D00D5E88C /* Release */ = {
			isa = XCBuildConfiguration;
			buildSettings = {
				ALWAYS_SEARCH_USER_PATHS = NO;
				ASSETCATALOG_COMPILER_GENERATE_SWIFT_ASSET_SYMBOL_EXTENSIONS = YES;
				CLANG_ANALYZER_NONNULL = YES;
				CLANG_ANALYZER_NUMBER_OBJECT_CONVERSION = YES_AGGRESSIVE;
				CLANG_CXX_LANGUAGE_STANDARD = "gnu++20";
				CLANG_ENABLE_MODULES = YES;
				CLANG_ENABLE_OBJC_ARC = YES;
				CLANG_ENABLE_OBJC_WEAK = YES;
				CLANG_WARN_BLOCK_CAPTURE_AUTORELEASING = YES;
				CLANG_WARN_BOOL_CONVERSION = YES;
				CLANG_WARN_COMMA = YES;
				CLANG_WARN_CONSTANT_CONVERSION = YES;
				CLANG_WARN_DEPRECATED_OBJC_IMPLEMENTATIONS = YES;
				CLANG_WARN_DIRECT_OBJC_ISA_USAGE = YES_ERROR;
				CLANG_WARN_DOCUMENTATION_COMMENTS = YES;
				CLANG_WARN_EMPTY_BODY = YES;
				CLANG_WARN_ENUM_CONVERSION = YES;
				CLANG_WARN_INFINITE_RECURSION = YES;
				CLANG_WARN_INT_CONVERSION = YES;
				CLANG_WARN_NON_LITERAL_NULL_CONVERSION = YES;
				CLANG_WARN_OBJC_IMPLICIT_RETAIN_SELF = YES;
				CLANG_WARN_OBJC_LITERAL_CONVERSION = YES;
				CLANG_WARN_OBJC_ROOT_CLASS = YES_ERROR;
				CLANG_WARN_QUOTED_INCLUDE_IN_FRAMEWORK_HEADER = YES;
				CLANG_WARN_RANGE_LOOP_ANALYSIS = YES;
				CLANG_WARN_STRICT_PROTOTYPES = YES;
				CLANG_WARN_SUSPICIOUS_MOVE = YES;
				CLANG_WARN_UNGUARDED_AVAILABILITY = YES_AGGRESSIVE;
				CLANG_WARN_UNREACHABLE_CODE = YES;
				CLANG_WARN__DUPLICATE_METHOD_MATCH = YES;
				COPY_PHASE_STRIP = NO;
				DEBUG_INFORMATION_FORMAT = "dwarf-with-dsym";
				ENABLE_NS_ASSERTIONS = NO;
				ENABLE_STRICT_OBJC_MSGSEND = YES;
				ENABLE_USER_SCRIPT_SANDBOXING = YES;
				GCC_C_LANGUAGE_STANDARD = gnu17;
				GCC_NO_COMMON_BLOCKS = YES;
				GCC_WARN_64_TO_32_BIT_CONVERSION = YES;
				GCC_WARN_ABOUT_RETURN_TYPE = YES_ERROR;
				GCC_WARN_UNDECLARED_SELECTOR = YES;
				GCC_WARN_UNINITIALIZED_AUTOS = YES_AGGRESSIVE;
				GCC_WARN_UNUSED_FUNCTION = YES;
				GCC_WARN_UNUSED_VARIABLE = YES;
				IPHONEOS_DEPLOYMENT_TARGET = 26.0;
				LOCALIZATION_PREFERS_STRING_CATALOGS = YES;
				MTL_ENABLE_DEBUG_INFO = NO;
				MTL_FAST_MATH = YES;
				SDKROOT = iphoneos;
				SWIFT_COMPILATION_MODE = wholemodule;
				VALIDATE_PRODUCT = YES;
			};
			name = Release;
		};
		6E4C728F2EA6C66D00D5E88C /* Debug */ = {
			isa = XCBuildConfiguration;
			buildSettings = {
				ASSETCATALOG_COMPILER_APPICON_NAME = AppIcon;
				ASSETCATALOG_COMPILER_GLOBAL_ACCENT_COLOR_NAME = AccentColor;
				CODE_SIGN_STYLE = Automatic;
				CURRENT_PROJECT_VERSION = 1;
				ENABLE_PREVIEWS = YES;
				INFOPLIST_FILE = CreatorLink/Info.plist;
				LD_RUNPATH_SEARCH_PATHS = (
					"$(inherited)",
					"@executable_path/Frameworks",
				);
				MARKETING_VERSION = 1.0;
				PRODUCT_BUNDLE_IDENTIFIER = com.mike.CreatorLink;
				PRODUCT_NAME = "$(TARGET_NAME)";
				STRING_CATALOG_GENERATE_SYMBOLS = YES;
				SWIFT_APPROACHABLE_CONCURRENCY = YES;
				SWIFT_DEFAULT_ACTOR_ISOLATION = MainActor;
				SWIFT_EMIT_LOC_STRINGS = YES;
				SWIFT_UPCOMING_FEATURE_MEMBER_IMPORT_VISIBILITY = YES;
				SWIFT_VERSION = 5.0;
				TARGETED_DEVICE_FAMILY = "1,2";
			};
			name = Debug;
		};
		6E4C72902EA6C66D00D5E88C /* Release */ = {
			isa = XCBuildConfiguration;
			buildSettings = {
				ASSETCATALOG_COMPILER_APPICON_NAME = AppIcon;
				ASSETCATALOG_COMPILER_GLOBAL_ACCENT_COLOR_NAME = AccentColor;
				CODE_SIGN_STYLE = Automatic;
				CURRENT_PROJECT_VERSION = 1;
				ENABLE_PREVIEWS = YES;
				INFOPLIST_FILE = CreatorLink/Info.plist;
				LD_RUNPATH_SEARCH_PATHS = (
					"$(inherited)",
					"@executable_path/Frameworks",
				);
				MARKETING_VERSION = 1.0;
				PRODUCT_BUNDLE_IDENTIFIER = com.mike.CreatorLink;
				PRODUCT_NAME = "$(TARGET_NAME)";
				STRING_CATALOG_GENERATE_SYMBOLS = YES;
				SWIFT_APPROACHABLE_CONCURRENCY = YES;
				SWIFT_DEFAULT_ACTOR_ISOLATION = MainActor;
				SWIFT_EMIT_LOC_STRINGS = YES;
				SWIFT_UPCOMING_FEATURE_MEMBER_IMPORT_VISIBILITY = YES;
				SWIFT_VERSION = 5.0;
				TARGETED_DEVICE_FAMILY = "1,2";
			};
			name = Release;
		};
/* End XCBuildConfiguration section */

/* Begin XCConfigurationList section */
		6E4C727E2EA6C66B00D5E88C /* Build configuration list for PBXProject "CreatorLink" */ = {
			isa = XCConfigurationList;
			buildConfigurations = (
				6E4C728C2EA6C66D00D5E88C /* Debug */,
				6E4C728D2EA6C66D00D5E88C /* Release */,
			);
			defaultConfigurationIsVisible = 0;
			defaultConfigurationName = Release;
		};
		6E4C728E2EA6C66D00D5E88C /* Build configuration list for PBXNativeTarget "CreatorLink" */ = {
			isa = XCConfigurationList;
			buildConfigurations = (
				6E4C728F2EA6C66D00D5E88C /* Debug */,
				6E4C72902EA6C66D00D5E88C /* Release */,
			);
			defaultConfigurationIsVisible = 0;
			defaultConfigurationName = Release;
		};
/* End XCConfigurationList section */

/* Begin XCRemoteSwiftPackageReference section */
		6E4C72AA2EA6DA2900D5E88C /* XCRemoteSwiftPackageReference "firebase-ios-sdk" */ = {
			isa = XCRemoteSwiftPackageReference;
			repositoryURL = "https://github.com/firebase/firebase-ios-sdk";
			requirement = {
				kind = upToNextMajorVersion;
				minimumVersion = 12.4.0;
			};
		};
		6E4C72B32EA6DA5100D5E88C /* XCRemoteSwiftPackageReference "GoogleSignIn-iOS" */ = {
			isa = XCRemoteSwiftPackageReference;
			repositoryURL = "https://github.com/google/GoogleSignIn-iOS";
			requirement = {
				kind = upToNextMajorVersion;
				minimumVersion = 9.0.0;
			};
		};
/* End XCRemoteSwiftPackageReference section */

/* Begin XCSwiftPackageProductDependency section */
		6E4C72AB2EA6DA2900D5E88C /* FirebaseAuth */ = {
			isa = XCSwiftPackageProductDependency;
			package = 6E4C72AA2EA6DA2900D5E88C /* XCRemoteSwiftPackageReference "firebase-ios-sdk" */;
			productName = FirebaseAuth;
		};
		6E4C72AD2EA6DA2900D5E88C /* FirebaseFirestore */ = {
			isa = XCSwiftPackageProductDependency;
			package = 6E4C72AA2EA6DA2900D5E88C /* XCRemoteSwiftPackageReference "firebase-ios-sdk" */;
			productName = FirebaseFirestore;
		};
		6E4C72AF2EA6DA2900D5E88C /* FirebaseMessaging */ = {
			isa = XCSwiftPackageProductDependency;
			package = 6E4C72AA2EA6DA2900D5E88C /* XCRemoteSwiftPackageReference "firebase-ios-sdk" */;
			productName = FirebaseMessaging;
		};
		6E4C72B12EA6DA2900D5E88C /* FirebaseStorage */ = {
			isa = XCSwiftPackageProductDependency;
			package = 6E4C72AA2EA6DA2900D5E88C /* XCRemoteSwiftPackageReference "firebase-ios-sdk" */;
			productName = FirebaseStorage;
		};
		6E4C72B42EA6DA5100D5E88C /* GoogleSignIn */ = {
			isa = XCSwiftPackageProductDependency;
			package = 6E4C72B32EA6DA5100D5E88C /* XCRemoteSwiftPackageReference "GoogleSignIn-iOS" */;
			productName = GoogleSignIn;
		};
		6E4C72B62EA6DA5100D5E88C /* GoogleSignInSwift */ = {
			isa = XCSwiftPackageProductDependency;
			package = 6E4C72B32EA6DA5100D5E88C /* XCRemoteSwiftPackageReference "GoogleSignIn-iOS" */;
			productName = GoogleSignInSwift;
		};
		6E4C738D2EA6E26100D5E88C /* FirebaseCore */ = {
			isa = XCSwiftPackageProductDependency;
			package = 6E4C72AA2EA6DA2900D5E88C /* XCRemoteSwiftPackageReference "firebase-ios-sdk" */;
			productName = FirebaseCore;
		};
		6E4C738F2EA6E28100D5E88C /* FirebaseDatabase */ = {
			isa = XCSwiftPackageProductDependency;
			package = 6E4C72AA2EA6DA2900D5E88C /* XCRemoteSwiftPackageReference "firebase-ios-sdk" */;
			productName = FirebaseDatabase;
		};
/* End XCSwiftPackageProductDependency section */
	};
	rootObject = 6E4C727B2EA6C66B00D5E88C /* Project object */;
}
